
Microsoft Visual Studio Solution File, Format Version 12.00
# Visual Studio Version 17
VisualStudioVersion = 17.8.34309.116
MinimumVisualStudioVersion = 10.0.40219.1
Project("{FAE04EC0-301F-11D3-BF4B-00C04F79EFBC}") = "AgendaDemoBot", "AgendaDemoBot\AgendaDemoBot.csproj", "{A3DC7887-D27E-457C-A46F-5E9852D4333F}"
EndProject
Global
	GlobalSection(SolutionConfigurationPlatforms) = preSolution
		Debug|Any CPU = Debug|Any CPU
		Release|Any CPU = Release|Any CPU
	EndGlobalSection
	GlobalSection(ProjectConfigurationPlatforms) = postSolution
		{A3DC7887-D27E-457C-A46F-5E9852D4333F}.Debug|Any CPU.ActiveCfg = Debug|Any CPU
		{A3DC7887-D27E-457C-A46F-5E9852D4333F}.Debug|Any CPU.Build.0 = Debug|Any CPU
		{A3DC7887-D27E-457C-A46F-5E9852D4333F}.Release|Any CPU.ActiveCfg = Release|Any CPU
		{A3DC7887-D27E-457C-A46F-5E9852D4333F}.Release|Any CPU.Build.0 = Release|Any CPU
	EndGlobalSection
	GlobalSection(SolutionProperties) = preSolution
		HideSolutionNode = FALSE
	EndGlobalSection
	GlobalSection(ExtensibilityGlobals) = postSolution
		SolutionGuid = {A307A54D-F2A4-4652-B08A-BF0C297AEFD9}
	EndGlobalSection
EndGlobal
